
Microsoft Visual Studio Solution File, Format Version 12.00
# Visual Studio Version 16
VisualStudioVersion = 16.0.32630.194
MinimumVisualStudioVersion = 10.0.40219.1
Project("{FAE04EC0-301F-11D3-BF4B-00C04F79EFBC}") = "SimpleMapper", "SimpleMapper\SimpleMapper.csproj", "{A72E1305-037A-4EC7-99DC-CFE53B7B980F}"
EndProject
Project("{FAE04EC0-301F-11D3-BF4B-00C04F79EFBC}") = "ConsoleApp5", "ConsoleApp5\ConsoleApp5.csproj", "{BDA07FD0-6F0E-4E2B-B450-3B748CDF0A25}"
EndProject
Global
	GlobalSection(SolutionConfigurationPlatforms) = preSolution
		Debug|Any CPU = Debug|Any CPU
		Release|Any CPU = Release|Any CPU
	EndGlobalSection
	GlobalSection(ProjectConfigurationPlatforms) = postSolution
		{A72E1305-037A-4EC7-99DC-CFE53B7B980F}.Debug|Any CPU.ActiveCfg = Debug|Any CPU
		{A72E1305-037A-4EC7-99DC-CFE53B7B980F}.Debug|Any CPU.Build.0 = Debug|Any CPU
		{A72E1305-037A-4EC7-99DC-CFE53B7B980F}.Release|Any CPU.ActiveCfg = Release|Any CPU
		{A72E1305-037A-4EC7-99DC-CFE53B7B980F}.Release|Any CPU.Build.0 = Release|Any CPU
		{BDA07FD0-6F0E-4E2B-B450-3B748CDF0A25}.Debug|Any CPU.ActiveCfg = Debug|Any CPU
		{BDA07FD0-6F0E-4E2B-B450-3B748CDF0A25}.Debug|Any CPU.Build.0 = Debug|Any CPU
		{BDA07FD0-6F0E-4E2B-B450-3B748CDF0A25}.Release|Any CPU.ActiveCfg = Release|Any CPU
		{BDA07FD0-6F0E-4E2B-B450-3B748CDF0A25}.Release|Any CPU.Build.0 = Release|Any CPU
	EndGlobalSection
	GlobalSection(SolutionProperties) = preSolution
		HideSolutionNode = FALSE
	EndGlobalSection
	GlobalSection(ExtensibilityGlobals) = postSolution
		SolutionGuid = {9BE8397E-DD1A-4D00-92EE-C945208306B1}
	EndGlobalSection
EndGlobal
