
Microsoft Visual Studio Solution File, Format Version 12.00
# Visual Studio Version 16
VisualStudioVersion = 16.0.32802.440
MinimumVisualStudioVersion = 10.0.40219.1
Project("{9A19103F-16F7-4668-BE54-9A1E7A4F7556}") = "SimpleMapper", "SimpleMapper\SimpleMapper.csproj", "{EC14ADF6-C4A8-40EC-9943-D3186E424A62}"
EndProject
Project("{FAE04EC0-301F-11D3-BF4B-00C04F79EFBC}") = "SimpleMapper.Test", "SimpleMapper.Test\SimpleMapper.Test.csproj", "{1D8ADAE6-24E1-415F-9861-70B15480376F}"
EndProject
Project("{FAE04EC0-301F-11D3-BF4B-00C04F79EFBC}") = "SimpleMapper.Sample", "SimpleMapper.Sample\SimpleMapper.Sample.csproj", "{896FFCD9-5F62-4467-AA96-9384D47B4888}"
EndProject
Global
	GlobalSection(SolutionConfigurationPlatforms) = preSolution
		Debug|Any CPU = Debug|Any CPU
		Release|Any CPU = Release|Any CPU
	EndGlobalSection
	GlobalSection(ProjectConfigurationPlatforms) = postSolution
		{EC14ADF6-C4A8-40EC-9943-D3186E424A62}.Debug|Any CPU.ActiveCfg = Debug|Any CPU
		{EC14ADF6-C4A8-40EC-9943-D3186E424A62}.Debug|Any CPU.Build.0 = Debug|Any CPU
		{EC14ADF6-C4A8-40EC-9943-D3186E424A62}.Release|Any CPU.ActiveCfg = Release|Any CPU
		{EC14ADF6-C4A8-40EC-9943-D3186E424A62}.Release|Any CPU.Build.0 = Release|Any CPU
		{1D8ADAE6-24E1-415F-9861-70B15480376F}.Debug|Any CPU.ActiveCfg = Debug|Any CPU
		{1D8ADAE6-24E1-415F-9861-70B15480376F}.Debug|Any CPU.Build.0 = Debug|Any CPU
		{1D8ADAE6-24E1-415F-9861-70B15480376F}.Release|Any CPU.ActiveCfg = Release|Any CPU
		{1D8ADAE6-24E1-415F-9861-70B15480376F}.Release|Any CPU.Build.0 = Release|Any CPU
		{896FFCD9-5F62-4467-AA96-9384D47B4888}.Debug|Any CPU.ActiveCfg = Debug|Any CPU
		{896FFCD9-5F62-4467-AA96-9384D47B4888}.Debug|Any CPU.Build.0 = Debug|Any CPU
		{896FFCD9-5F62-4467-AA96-9384D47B4888}.Release|Any CPU.ActiveCfg = Release|Any CPU
		{896FFCD9-5F62-4467-AA96-9384D47B4888}.Release|Any CPU.Build.0 = Release|Any CPU
	EndGlobalSection
	GlobalSection(SolutionProperties) = preSolution
		HideSolutionNode = FALSE
	EndGlobalSection
	GlobalSection(ExtensibilityGlobals) = postSolution
		SolutionGuid = {0F3551ED-C2B8-43F2-91C9-3852A6A614B1}
	EndGlobalSection
EndGlobal
